
Microsoft Visual Studio Solution File, Format Version 12.00
# Visual Studio Version 17
VisualStudioVersion = 17.7.34202.233
MinimumVisualStudioVersion = 10.0.40219.1
Project("{FAE04EC0-301F-11D3-BF4B-00C04F79EFBC}") = "TextEditorApp", "TextEditorApp\TextEditorApp.csproj", "{020119F0-C7D5-4097-8A69-4F16C13DF548}"
EndProject
Global
	GlobalSection(SolutionConfigurationPlatforms) = preSolution
		Debug|Any CPU = Debug|Any CPU
		Release|Any CPU = Release|Any CPU
	EndGlobalSection
	GlobalSection(ProjectConfigurationPlatforms) = postSolution
		{020119F0-C7D5-4097-8A69-4F16C13DF548}.Debug|Any CPU.ActiveCfg = Debug|Any CPU
		{020119F0-C7D5-4097-8A69-4F16C13DF548}.Debug|Any CPU.Build.0 = Debug|Any CPU
		{020119F0-C7D5-4097-8A69-4F16C13DF548}.Release|Any CPU.ActiveCfg = Release|Any CPU
		{020119F0-C7D5-4097-8A69-4F16C13DF548}.Release|Any CPU.Build.0 = Release|Any CPU
	EndGlobalSection
	GlobalSection(SolutionProperties) = preSolution
		HideSolutionNode = FALSE
	EndGlobalSection
	GlobalSection(ExtensibilityGlobals) = postSolution
		SolutionGuid = {C06E41B6-A3F4-4B07-8965-9EEB29D812A9}
	EndGlobalSection
EndGlobal
